
Microsoft Visual Studio Solution File, Format Version 12.00
# Visual Studio Version 16
VisualStudioVersion = 16.0.31624.102
MinimumVisualStudioVersion = 10.0.40219.1
Project("{FAE04EC0-301F-11D3-BF4B-00C04F79EFBC}") = "RocnikovyProjekt", "RocnikovyProjekt\RocnikovyProjekt.csproj", "{85874C5B-6B73-428A-AE2C-D577888D4398}"
EndProject
Global
	GlobalSection(SolutionConfigurationPlatforms) = preSolution
		Debug|Any CPU = Debug|Any CPU
		Release|Any CPU = Release|Any CPU
	EndGlobalSection
	GlobalSection(ProjectConfigurationPlatforms) = postSolution
		{85874C5B-6B73-428A-AE2C-D577888D4398}.Debug|Any CPU.ActiveCfg = Debug|Any CPU
		{85874C5B-6B73-428A-AE2C-D577888D4398}.Debug|Any CPU.Build.0 = Debug|Any CPU
		{85874C5B-6B73-428A-AE2C-D577888D4398}.Release|Any CPU.ActiveCfg = Release|Any CPU
		{85874C5B-6B73-428A-AE2C-D577888D4398}.Release|Any CPU.Build.0 = Release|Any CPU
	EndGlobalSection
	GlobalSection(SolutionProperties) = preSolution
		HideSolutionNode = FALSE
	EndGlobalSection
	GlobalSection(ExtensibilityGlobals) = postSolution
		SolutionGuid = {F1A0CF9F-152A-4464-91C8-EEA64BFB913B}
	EndGlobalSection
EndGlobal
